github.com/syronz/goAES v0.1.0 h1:i+K4NrOgWUBSKCJ3aSYZWctHFFs3pwhjQO14kC/SO0Q=
github.com/syronz/goAES v0.1.0/go.mod h1:5bXPMfiPVfXQWqZ5UFuPlQW1Lkx4fv3dJ8IoBZPXQgo=
github.com/syronz/goAES v0.2.0 h1:TLuPZH29t6J9hTUmBc/A/2B3SSYk2CvLbWgvnhi+p0Y=
github.com/syronz/goAES v0.2.0/go.mod h1:5bXPMfiPVfXQWqZ5UFuPlQW1Lkx4fv3dJ8IoBZPXQgo=
